{
    "_readme": [
        "This file locks the dependencies of your project to a known state",
        "Read more about it at https://getcomposer.org/doc/01-basic-usage.md#composer-lock-the-lock-file",
        "This file is @generated automatically"
    ],
    "hash": "d879fab1b585ec3f88cad98ca564d230",
    "content-hash": "465d4ec26c00478ee34137c38a27962e",
    "packages": [
        {
            "name": "bonnier/php-sdk",
            "version": "2.7.17",
            "source": {
                "type": "git",
                "url": "https://github.com/BenjaminMedia/bonnier-php-sdk.git",
                "reference": "267159f91c8bedec9036ad8900f8dd3da1f5844c"
            },
            "dist": {
                "type": "zip",
                "url": "https://api.github.com/repos/BenjaminMedia/bonnier-php-sdk/zipball/267159f91c8bedec9036ad8900f8dd3da1f5844c",
                "reference": "267159f91c8bedec9036ad8900f8dd3da1f5844c",
                "shasum": ""
            },
            "require": {
                "pecee/http-service": "1.*"
            },
            "require-dev": {
                "pecee/http-service": "1.*",
                "phpunit/phpunit": "4.7.7"
            },
            "type": "library",
            "autoload": {
                "psr-4": {
                    "Bonnier\\": "src/Bonnier/"
                }
            },
            "notification-url": "https://packagist.org/downloads/",
            "license": [
                "MIT"
            ],
            "authors": [
                {
                    "name": "Interactive",
                    "email": "interactive@bonnier.dk"
                }
            ],
            "description": "Bonnier PHP-SDK.",
            "homepage": "http://www.bonnierpublications.com",
            "keywords": [
                "bonnier",
                "php-sdk"
            ],
            "time": "2015-12-03 15:06:59"
        },
        {
            "name": "pecee/http-service",
            "version": "1.0.11",
            "source": {
                "type": "git",
                "url": "https://github.com/skipperbent/http-service.git",
                "reference": "fddc93de6bfa7f09d9bc6b9db8639c5c512e0d53"
            },
            "dist": {
                "type": "zip",
                "url": "https://api.github.com/repos/skipperbent/http-service/zipball/fddc93de6bfa7f09d9bc6b9db8639c5c512e0d53",
                "reference": "fddc93de6bfa7f09d9bc6b9db8639c5c512e0d53",
                "shasum": ""
            },
            "require-dev": {
                "phpunit/phpunit": "4.7.7"
            },
            "type": "library",
            "autoload": {
                "psr-4": {
                    "Pecee\\": "src/Pecee/"
                }
            },
            "notification-url": "https://packagist.org/downloads/",
            "license": [
                "MIT"
            ],
            "authors": [
                {
                    "name": "Simon Sessingø",
                    "email": "simon.sessingoe@gmail.com"
                }
            ],
            "description": "Simple, fast and easy to use classes for providing basic functionality for talking with remote api's including the REST standard.",
            "keywords": [
                "api",
                "http",
                "pecee",
                "rest",
                "service",
                "web"
            ],
            "time": "2015-12-03 12:02:02"
        }
    ],
    "packages-dev": [],
    "aliases": [],
    "minimum-stability": "stable",
    "stability-flags": [],
    "prefer-stable": false,
    "prefer-lowest": false,
    "platform": {
        "php": ">=5.4"
    },
    "platform-dev": []
}
